// !$*UTF8*$!
{
	archiveVersion = 1;
	classes = {
	};
	objectVersion = 77;
	objects = {

/* Begin PBXContainerItemProxy section */
		C25F5C6F2E7FDA8100844B80 /* PBXContainerItemProxy */ = {
			isa = PBXContainerItemProxy;
			containerPortal = C25F5C572E7FDA7E00844B80 /* Project object */;
			proxyType = 1;
			remoteGlobalIDString = C25F5C5E2E7FDA7E00844B80;
			remoteInfo = Drawingtoon;
		};
		C25F5C792E7FDA8100844B80 /* PBXContainerItemProxy */ = {
			isa = PBXContainerItemProxy;
			containerPortal = C25F5C572E7FDA7E00844B80 /* Project object */;
			proxyType = 1;
			remoteGlobalIDString = C25F5C5E2E7FDA7E00844B80;
			remoteInfo = Drawingtoon;
		};
		C2E5DCE82E8423D40001F36C /* PBXContainerItemProxy */ = {
			isa = PBXContainerItemProxy;
			containerPortal = C25F5C572E7FDA7E00844B80 /* Project object */;
			proxyType = 1;
			remoteGlobalIDString = C25F5C5E2E7FDA7E00844B80;
			remoteInfo = Drawingtoon;
		};
/* End PBXContainerItemProxy section */

/* Begin PBXFileReference section */
		C25F5C5F2E7FDA7E00844B80 /* Drawingtoon.app */ = {isa = PBXFileReference; explicitFileType = wrapper.application; includeInIndex = 0; path = Drawingtoon.app; sourceTree = BUILT_PRODUCTS_DIR; };
		C25F5C6E2E7FDA8100844B80 /* DrawingtoonTests.xctest */ = {isa = PBXFileReference; explicitFileType = wrapper.cfbundle; includeInIndex = 0; path = DrawingtoonTests.xctest; sourceTree = BUILT_PRODUCTS_DIR; };
		C25F5C782E7FDA8100844B80 /* DrawingtoonUITests.xctest */ = {isa = PBXFileReference; explicitFileType = wrapper.cfbundle; includeInIndex = 0; path = DrawingtoonUITests.xctest; sourceTree = BUILT_PRODUCTS_DIR; };
		C2E5DCE42E8423D40001F36C /* DrawingtoonTests1.xctest */ = {isa = PBXFileReference; explicitFileType = wrapper.cfbundle; includeInIndex = 0; path = DrawingtoonTests1.xctest; sourceTree = BUILT_PRODUCTS_DIR; };
/* End PBXFileReference section */

/* Begin PBXFileSystemSynchronizedRootGroup section */
		C25F5C612E7FDA7E00844B80 /* Drawingtoon */ = {
			isa = PBXFileSystemSynchronizedRootGroup;
			path = Drawingtoon;
			sourceTree = "<group>";
		};
		C2E5DCE52E8423D40001F36C /* DrawingtoonTests1 */ = {
			isa = PBXFileSystemSynchronizedRootGroup;
			path = DrawingtoonTests1;
			sourceTree = "<group>";
		};
/* End PBXFileSystemSynchronizedRootGroup section */

/* Begin PBXFrameworksBuildPhase section */
		C25F5C5C2E7FDA7E00844B80 /* Frameworks */ = {
			isa = PBXFrameworksBuildPhase;
			buildActionMask = 2147483647;
			files = (
			);
			runOnlyForDeploymentPostprocessing = 0;
		};
		C25F5C6B2E7FDA8100844B80 /* Frameworks */ = {
			isa = PBXFrameworksBuildPhase;
			buildActionMask = 2147483647;
			files = (
			);
			runOnlyForDeploymentPostprocessing = 0;
		};
		C25F5C752E7FDA8100844B80 /* Frameworks */ = {
			isa = PBXFrameworksBuildPhase;
			buildActionMask = 2147483647;
			files = (
			);
			runOnlyForDeploymentPostprocessing = 0;
		};
		C2E5DCE12E8423D40001F36C /* Frameworks */ = {
			isa = PBXFrameworksBuildPhase;
			buildActionMask = 2147483647;
			files = (
			);
			runOnlyForDeploymentPostprocessing = 0;
		};
/* End PBXFrameworksBuildPhase section */

/* Begin PBXGroup section */
		C25F5C562E7FDA7E00844B80 = {
			isa = PBXGroup;
			children = (
				C25F5C612E7FDA7E00844B80 /* Drawingtoon */,
				C2E5DCE52E8423D40001F36C /* DrawingtoonTests1 */,
				C25F5C602E7FDA7E00844B80 /* Products */,
			);
			sourceTree = "<group>";
		};
		C25F5C602E7FDA7E00844B80 /* Products */ = {
			isa = PBXGroup;
			children = (
				C25F5C5F2E7FDA7E00844B80 /* Drawingtoon.app */,
				C25F5C6E2E7FDA8100844B80 /* DrawingtoonTests.xctest */,
				C25F5C782E7FDA8100844B80 /* DrawingtoonUITests.xctest */,
				C2E5DCE42E8423D40001F36C /* DrawingtoonTests1.xctest */,
			);
			name = Products;
			sourceTree = "<group>";
		};
/* End PBXGroup section */

/* Begin PBXNativeTarget section */
		C25F5C5E2E7FDA7E00844B80 /* Drawingtoon */ = {
			isa = PBXNativeTarget;
			buildConfigurationList = C25F5C822E7FDA8100844B80 /* Build configuration list for PBXNativeTarget "Drawingtoon" */;
			buildPhases = (
				C25F5C5B2E7FDA7E00844B80 /* Sources */,
				C25F5C5C2E7FDA7E00844B80 /* Frameworks */,
				C25F5C5D2E7FDA7E00844B80 /* Resources */,
			);
			buildRules = (
			);
			dependencies = (
			);
			fileSystemSynchronizedGroups = (
				C25F5C612E7FDA7E00844B80 /* Drawingtoon */,
			);
			name = Drawingtoon;
			packageProductDependencies = (
			);
			productName = Drawingtoon;
			productReference = C25F5C5F2E7FDA7E00844B80 /* Drawingtoon.app */;
			productType = "com.apple.product-type.application";
		};
		C25F5C6D2E7FDA8100844B80 /* DrawingtoonTests */ = {
			isa = PBXNativeTarget;
			buildConfigurationList = C25F5C852E7FDA8100844B80 /* Build configuration list for PBXNativeTarget "DrawingtoonTests" */;
			buildPhases = (
				C25F5C6A2E7FDA8100844B80 /* Sources */,
				C25F5C6B2E7FDA8100844B80 /* Frameworks */,
				C25F5C6C2E7FDA8100844B80 /* Resources */,
			);
			buildRules = (
			);
			dependencies = (
				C25F5C702E7FDA8100844B80 /* PBXTargetDependency */,
			);
			name = DrawingtoonTests;
			packageProductDependencies = (
			);
			productName = DrawingtoonTests;
			productReference = C25F5C6E2E7FDA8100844B80 /* DrawingtoonTests.xctest */;
			productType = "com.apple.product-type.bundle.unit-test";
		};
		C25F5C772E7FDA8100844B80 /* DrawingtoonUITests */ = {
			isa = PBXNativeTarget;
			buildConfigurationList = C25F5C882E7FDA8100844B80 /* Build configuration list for PBXNativeTarget "DrawingtoonUITests" */;
			buildPhases = (
				C25F5C742E7FDA8100844B80 /* Sources */,
				C25F5C752E7FDA8100844B80 /* Frameworks */,
				C25F5C762E7FDA8100844B80 /* Resources */,
			);
			buildRules = (
			);
			dependencies = (
				C25F5C7A2E7FDA8100844B80 /* PBXTargetDependency */,
			);
			name = DrawingtoonUITests;
			packageProductDependencies = (
			);
			productName = DrawingtoonUITests;
			productReference = C25F5C782E7FDA8100844B80 /* DrawingtoonUITests.xctest */;
			productType = "com.apple.product-type.bundle.ui-testing";
		};
		C2E5DCE32E8423D40001F36C /* DrawingtoonTests1 */ = {
			isa = PBXNativeTarget;
			buildConfigurationList = C2E5DCEA2E8423D40001F36C /* Build configuration list for PBXNativeTarget "DrawingtoonTests1" */;
			buildPhases = (
				C2E5DCE02E8423D40001F36C /* Sources */,
				C2E5DCE12E8423D40001F36C /* Frameworks */,
				C2E5DCE22E8423D40001F36C /* Resources */,
			);
			buildRules = (
			);
			dependencies = (
				C2E5DCE92E8423D40001F36C /* PBXTargetDependency */,
			);
			fileSystemSynchronizedGroups = (
				C2E5DCE52E8423D40001F36C /* DrawingtoonTests1 */,
			);
			name = DrawingtoonTests1;
			packageProductDependencies = (
			);
			productName = DrawingtoonTests1;
			productReference = C2E5DCE42E8423D40001F36C /* DrawingtoonTests1.xctest */;
			productType = "com.apple.product-type.bundle.unit-test";
		};
/* End PBXNativeTarget section */

/* Begin PBXProject section */
		C25F5C572E7FDA7E00844B80 /* Project object */ = {
			isa = PBXProject;
			attributes = {
				BuildIndependentTargetsInParallel = 1;
				LastSwiftUpdateCheck = 1640;
				LastUpgradeCheck = 1640;
				TargetAttributes = {
					C25F5C5E2E7FDA7E00844B80 = {
						CreatedOnToolsVersion = 16.4;
					};
					C25F5C6D2E7FDA8100844B80 = {
						CreatedOnToolsVersion = 16.4;
						TestTargetID = C25F5C5E2E7FDA7E00844B80;
					};
					C25F5C772E7FDA8100844B80 = {
						CreatedOnToolsVersion = 16.4;
						TestTargetID = C25F5C5E2E7FDA7E00844B80;
					};
					C2E5DCE32E8423D40001F36C = {
						CreatedOnToolsVersion = 16.4;
						TestTargetID = C25F5C5E2E7FDA7E00844B80;
					};
				};
			};
			buildConfigurationList = C25F5C5A2E7FDA7E00844B80 /* Build configuration list for PBXProject "Drawingtoon" */;
			developmentRegion = en;
			hasScannedForEncodings = 0;
			knownRegions = (
				en,
				Base,
			);
			mainGroup = C25F5C562E7FDA7E00844B80;
			minimizedProjectReferenceProxies = 1;
			preferredProjectObjectVersion = 77;
			productRefGroup = C25F5C602E7FDA7E00844B80 /* Products */;
			projectDirPath = "";
			projectRoot = "";
			targets = (
				C25F5C5E2E7FDA7E00844B80 /* Drawingtoon */,
				C25F5C6D2E7FDA8100844B80 /* DrawingtoonTests */,
				C25F5C772E7FDA8100844B80 /* DrawingtoonUITests */,
				C2E5DCE32E8423D40001F36C /* DrawingtoonTests1 */,
			);
		};
/* End PBXProject section */

/* Begin PBXResourcesBuildPhase section */
		C25F5C5D2E7FDA7E00844B80 /* Resources */ = {
			isa = PBXResourcesBuildPhase;
			buildActionMask = 2147483647;
			files = (
			);
			runOnlyForDeploymentPostprocessing = 0;
		};
		C25F5C6C2E7FDA8100844B80 /* Resources */ = {
			isa = PBXResourcesBuildPhase;
			buildActionMask = 2147483647;
			files = (
			);
			runOnlyForDeploymentPostprocessing = 0;
		};
		C25F5C762E7FDA8100844B80 /* Resources */ = {
			isa = PBXResourcesBuildPhase;
			buildActionMask = 2147483647;
			files = (
			);
			runOnlyForDeploymentPostprocessing = 0;
		};
		C2E5DCE22E8423D40001F36C /* Resources */ = {
			isa = PBXResourcesBuildPhase;
			buildActionMask = 2147483647;
			files = (
			);
			runOnlyForDeploymentPostprocessing = 0;
		};
/* End PBXResourcesBuildPhase section */

/* Begin PBXSourcesBuildPhase section */
		C25F5C5B2E7FDA7E00844B80 /* Sources */ = {
			isa = PBXSourcesBuildPhase;
			buildActionMask = 2147483647;
			files = (
			);
			runOnlyForDeploymentPostprocessing = 0;
		};
		C25F5C6A2E7FDA8100844B80 /* Sources */ = {
			isa = PBXSourcesBuildPhase;
			buildActionMask = 2147483647;
			files = (
			);
			runOnlyForDeploymentPostprocessing = 0;
		};
		C25F5C742E7FDA8100844B80 /* Sources */ = {
			isa = PBXSourcesBuildPhase;
			buildActionMask = 2147483647;
			files = (
			);
			runOnlyForDeploymentPostprocessing = 0;
		};
		C2E5DCE02E8423D40001F36C /* Sources */ = {
			isa = PBXSourcesBuildPhase;
			buildActionMask = 2147483647;
			files = (
			);
			runOnlyForDeploymentPostprocessing = 0;
		};
/* End PBXSourcesBuildPhase section */

/* Begin PBXTargetDependency section */
		C25F5C702E7FDA8100844B80 /* PBXTargetDependency */ = {
			isa = PBXTargetDependency;
			target = C25F5C5E2E7FDA7E00844B80 /* Drawingtoon */;
			targetProxy = C25F5C6F2E7FDA8100844B80 /* PBXContainerItemProxy */;
		};
		C25F5C7A2E7FDA8100844B80 /* PBXTargetDependency */ = {
			isa = PBXTargetDependency;
			target = C25F5C5E2E7FDA7E00844B80 /* Drawingtoon */;
			targetProxy = C25F5C792E7FDA8100844B80 /* PBXContainerItemProxy */;
		};
		C2E5DCE92E8423D40001F36C /* PBXTargetDependency */ = {
			isa = PBXTargetDependency;
			target = C25F5C5E2E7FDA7E00844B80 /* Drawingtoon */;
			targetProxy = C2E5DCE82E8423D40001F36C /* PBXContainerItemProxy */;
		};
/* End PBXTargetDependency section */

/* Begin XCBuildConfiguration section */
		C25F5C802E7FDA8100844B80 /* Debug */ = {
			isa = XCBuildConfiguration;
			buildSettings = {
				ALWAYS_SEARCH_USER_PATHS = NO;
				ASSETCATALOG_COMPILER_GENERATE_SWIFT_ASSET_SYMBOL_EXTENSIONS = YES;
				CLANG_ANALYZER_NONNULL = YES;
				CLANG_ANALYZER_NUMBER_OBJECT_CONVERSION = YES_AGGRESSIVE;
				CLANG_CXX_LANGUAGE_STANDARD = "gnu++20";
				CLANG_ENABLE_MODULES = YES;
				CLANG_ENABLE_OBJC_ARC = YES;
				CLANG_ENABLE_OBJC_WEAK = YES;
				CLANG_WARN_BLOCK_CAPTURE_AUTORELEASING = YES;
				CLANG_WARN_BOOL_CONVERSION = YES;
				CLANG_WARN_COMMA = YES;
				CLANG_WARN_CONSTANT_CONVERSION = YES;
				CLANG_WARN_DEPRECATED_OBJC_IMPLEMENTATIONS = YES;
				CLANG_WARN_DIRECT_OBJC_ISA_USAGE = YES_ERROR;
				CLANG_WARN_DOCUMENTATION_COMMENTS = YES;
				CLANG_WARN_EMPTY_BODY = YES;
				CLANG_WARN_ENUM_CONVERSION = YES;
				CLANG_WARN_INFINITE_RECURSION = YES;
				CLANG_WARN_INT_CONVERSION = YES;
				CLANG_WARN_NON_LITERAL_NULL_CONVERSION = YES;
				CLANG_WARN_OBJC_IMPLICIT_RETAIN_SELF = YES;
				CLANG_WARN_OBJC_LITERAL_CONVERSION = YES;
				CLANG_WARN_OBJC_ROOT_CLASS = YES_ERROR;
				CLANG_WARN_QUOTED_INCLUDE_IN_FRAMEWORK_HEADER = YES;
				CLANG_WARN_RANGE_LOOP_ANALYSIS = YES;
				CLANG_WARN_STRICT_PROTOTYPES = YES;
				CLANG_WARN_SUSPICIOUS_MOVE = YES;
				CLANG_WARN_UNGUARDED_AVAILABILITY = YES_AGGRESSIVE;
				CLANG_WARN_UNREACHABLE_CODE = YES;
				CLANG_WARN__DUPLICATE_METHOD_MATCH = YES;
				COPY_PHASE_STRIP = NO;
				DEBUG_INFORMATION_FORMAT = dwarf;
				DEVELOPMENT_TEAM = V9TZ6H4V4N;
				ENABLE_STRICT_OBJC_MSGSEND = YES;
				ENABLE_TESTABILITY = YES;
				ENABLE_USER_SCRIPT_SANDBOXING = YES;
				GCC_C_LANGUAGE_STANDARD = gnu17;
				GCC_DYNAMIC_NO_PIC = NO;
				GCC_NO_COMMON_BLOCKS = YES;
				GCC_OPTIMIZATION_LEVEL = 0;
				GCC_PREPROCESSOR_DEFINITIONS = (
					"DEBUG=1",
					"$(inherited)",
				);
				GCC_WARN_64_TO_32_BIT_CONVERSION = YES;
				GCC_WARN_ABOUT_RETURN_TYPE = YES_ERROR;
				GCC_WARN_UNDECLARED_SELECTOR = YES;
				GCC_WARN_UNINITIALIZED_AUTOS = YES_AGGRESSIVE;
				GCC_WARN_UNUSED_FUNCTION = YES;
				GCC_WARN_UNUSED_VARIABLE = YES;
				IPHONEOS_DEPLOYMENT_TARGET = 18.5;
				LOCALIZATION_PREFERS_STRING_CATALOGS = YES;
				MTL_ENABLE_DEBUG_INFO = INCLUDE_SOURCE;
				MTL_FAST_MATH = YES;
				ONLY_ACTIVE_ARCH = YES;
				SDKROOT = iphoneos;
				SWIFT_ACTIVE_COMPILATION_CONDITIONS = "DEBUG $(inherited)";
				SWIFT_OPTIMIZATION_LEVEL = "-Onone";
			};
			name = Debug;
		};
		C25F5C812E7FDA8100844B80 /* Release */ = {
			isa = XCBuildConfiguration;
			buildSettings = {
				ALWAYS_SEARCH_USER_PATHS = NO;
				ASSETCATALOG_COMPILER_GENERATE_SWIFT_ASSET_SYMBOL_EXTENSIONS = YES;
				CLANG_ANALYZER_NONNULL = YES;
				CLANG_ANALYZER_NUMBER_OBJECT_CONVERSION = YES_AGGRESSIVE;
				CLANG_CXX_LANGUAGE_STANDARD = "gnu++20";
				CLANG_ENABLE_MODULES = YES;
				CLANG_ENABLE_OBJC_ARC = YES;
				CLANG_ENABLE_OBJC_WEAK = YES;
				CLANG_WARN_BLOCK_CAPTURE_AUTORELEASING = YES;
				CLANG_WARN_BOOL_CONVERSION = YES;
				CLANG_WARN_COMMA = YES;
				CLANG_WARN_CONSTANT_CONVERSION = YES;
				CLANG_WARN_DEPRECATED_OBJC_IMPLEMENTATIONS = YES;
				CLANG_WARN_DIRECT_OBJC_ISA_USAGE = YES_ERROR;
				CLANG_WARN_DOCUMENTATION_COMMENTS = YES;
				CLANG_WARN_EMPTY_BODY = YES;
				CLANG_WARN_ENUM_CONVERSION = YES;
				CLANG_WARN_INFINITE_RECURSION = YES;
				CLANG_WARN_INT_CONVERSION = YES;
				CLANG_WARN_NON_LITERAL_NULL_CONVERSION = YES;
				CLANG_WARN_OBJC_IMPLICIT_RETAIN_SELF = YES;
				CLANG_WARN_OBJC_LITERAL_CONVERSION = YES;
				CLANG_WARN_OBJC_ROOT_CLASS = YES_ERROR;
				CLANG_WARN_QUOTED_INCLUDE_IN_FRAMEWORK_HEADER = YES;
				CLANG_WARN_RANGE_LOOP_ANALYSIS = YES;
				CLANG_WARN_STRICT_PROTOTYPES = YES;
				CLANG_WARN_SUSPICIOUS_MOVE = YES;
				CLANG_WARN_UNGUARDED_AVAILABILITY = YES_AGGRESSIVE;
				CLANG_WARN_UNREACHABLE_CODE = YES;
				CLANG_WARN__DUPLICATE_METHOD_MATCH = YES;
				COPY_PHASE_STRIP = NO;
				DEBUG_INFORMATION_FORMAT = "dwarf-with-dsym";
				DEVELOPMENT_TEAM = V9TZ6H4V4N;
				ENABLE_NS_ASSERTIONS = NO;
				ENABLE_STRICT_OBJC_MSGSEND = YES;
				ENABLE_USER_SCRIPT_SANDBOXING = YES;
				GCC_C_LANGUAGE_STANDARD = gnu17;
				GCC_NO_COMMON_BLOCKS = YES;
				GCC_WARN_64_TO_32_BIT_CONVERSION = YES;
				GCC_WARN_ABOUT_RETURN_TYPE = YES_ERROR;
				GCC_WARN_UNDECLARED_SELECTOR = YES;
				GCC_WARN_UNINITIALIZED_AUTOS = YES_AGGRESSIVE;
				GCC_WARN_UNUSED_FUNCTION = YES;
				GCC_WARN_UNUSED_VARIABLE = YES;
				IPHONEOS_DEPLOYMENT_TARGET = 18.5;
				LOCALIZATION_PREFERS_STRING_CATALOGS = YES;
				MTL_ENABLE_DEBUG_INFO = NO;
				MTL_FAST_MATH = YES;
				SDKROOT = iphoneos;
				SWIFT_COMPILATION_MODE = wholemodule;
				VALIDATE_PRODUCT = YES;
			};
			name = Release;
		};
		C25F5C832E7FDA8100844B80 /* Debug */ = {
			isa = XCBuildConfiguration;
			buildSettings = {
				ASSETCATALOG_COMPILER_APPICON_NAME = AppIcon;
				ASSETCATALOG_COMPILER_GLOBAL_ACCENT_COLOR_NAME = AccentColor;
				CODE_SIGN_STYLE = Automatic;
				CURRENT_PROJECT_VERSION = 1;
				DEVELOPMENT_TEAM = V9TZ6H4V4N;
				ENABLE_PREVIEWS = YES;
				GENERATE_INFOPLIST_FILE = YES;
				INFOPLIST_KEY_NSPhotoLibraryAddUsageDescription = "Save result to Photos";
				INFOPLIST_KEY_UIApplicationSceneManifest_Generation = YES;
				INFOPLIST_KEY_UIApplicationSupportsIndirectInputEvents = YES;
				INFOPLIST_KEY_UILaunchScreen_Generation = YES;
				INFOPLIST_KEY_UISupportedInterfaceOrientations_iPad = "UIInterfaceOrientationPortrait UIInterfaceOrientationPortraitUpsideDown UIInterfaceOrientationLandscapeLeft UIInterfaceOrientationLandscapeRight";
				INFOPLIST_KEY_UISupportedInterfaceOrientations_iPhone = "UIInterfaceOrientationPortrait UIInterfaceOrientationLandscapeLeft UIInterfaceOrientationLandscapeRight";
				IPHONEOS_DEPLOYMENT_TARGET = 17;
				LD_RUNPATH_SEARCH_PATHS = (
					"$(inherited)",
					"@executable_path/Frameworks",
				);
				MARKETING_VERSION = 1.0;
				PRODUCT_BUNDLE_IDENTIFIER = com.lemon.Drawingtoon;
				PRODUCT_NAME = "$(TARGET_NAME)";
				SWIFT_EMIT_LOC_STRINGS = YES;
				SWIFT_VERSION = 5.0;
				TARGETED_DEVICE_FAMILY = "1,2";
			};
			name = Debug;
		};
		C25F5C842E7FDA8100844B80 /* Release */ = {
			isa = XCBuildConfiguration;
			buildSettings = {
				ASSETCATALOG_COMPILER_APPICON_NAME = AppIcon;
				ASSETCATALOG_COMPILER_GLOBAL_ACCENT_COLOR_NAME = AccentColor;
				CODE_SIGN_STYLE = Automatic;
				CURRENT_PROJECT_VERSION = 1;
				DEVELOPMENT_TEAM = V9TZ6H4V4N;
				ENABLE_PREVIEWS = YES;
				GENERATE_INFOPLIST_FILE = YES;
				INFOPLIST_KEY_NSPhotoLibraryAddUsageDescription = "Save result to Photos";
				INFOPLIST_KEY_UIApplicationSceneManifest_Generation = YES;
				INFOPLIST_KEY_UIApplicationSupportsIndirectInputEvents = YES;
				INFOPLIST_KEY_UILaunchScreen_Generation = YES;
				INFOPLIST_KEY_UISupportedInterfaceOrientations_iPad = "UIInterfaceOrientationPortrait UIInterfaceOrientationPortraitUpsideDown UIInterfaceOrientationLandscapeLeft UIInterfaceOrientationLandscapeRight";
				INFOPLIST_KEY_UISupportedInterfaceOrientations_iPhone = "UIInterfaceOrientationPortrait UIInterfaceOrientationLandscapeLeft UIInterfaceOrientationLandscapeRight";
				IPHONEOS_DEPLOYMENT_TARGET = 17;
				LD_RUNPATH_SEARCH_PATHS = (
					"$(inherited)",
					"@executable_path/Frameworks",
				);
				MARKETING_VERSION = 1.0;
				PRODUCT_BUNDLE_IDENTIFIER = com.lemon.Drawingtoon;
				PRODUCT_NAME = "$(TARGET_NAME)";
				SWIFT_EMIT_LOC_STRINGS = YES;
				SWIFT_VERSION = 5.0;
				TARGETED_DEVICE_FAMILY = "1,2";
			};
			name = Release;
		};
		C25F5C862E7FDA8100844B80 /* Debug */ = {
			isa = XCBuildConfiguration;
			buildSettings = {
				BUNDLE_LOADER = "$(TEST_HOST)";
				CODE_SIGN_STYLE = Automatic;
				CURRENT_PROJECT_VERSION = 1;
				DEVELOPMENT_TEAM = V9TZ6H4V4N;
				GENERATE_INFOPLIST_FILE = YES;
				IPHONEOS_DEPLOYMENT_TARGET = 18.5;
				MARKETING_VERSION = 1.0;
				PRODUCT_BUNDLE_IDENTIFIER = com.lemon.DrawingtoonTests;
				PRODUCT_NAME = "$(TARGET_NAME)";
				SWIFT_EMIT_LOC_STRINGS = NO;
				SWIFT_VERSION = 5.0;
				TARGETED_DEVICE_FAMILY = "1,2";
				TEST_HOST = "$(BUILT_PRODUCTS_DIR)/Drawingtoon.app/$(BUNDLE_EXECUTABLE_FOLDER_PATH)/Drawingtoon";
			};
			name = Debug;
		};
		C25F5C872E7FDA8100844B80 /* Release */ = {
			isa = XCBuildConfiguration;
			buildSettings = {
				BUNDLE_LOADER = "$(TEST_HOST)";
				CODE_SIGN_STYLE = Automatic;
				CURRENT_PROJECT_VERSION = 1;
				DEVELOPMENT_TEAM = V9TZ6H4V4N;
				GENERATE_INFOPLIST_FILE = YES;
				IPHONEOS_DEPLOYMENT_TARGET = 18.5;
				MARKETING_VERSION = 1.0;
				PRODUCT_BUNDLE_IDENTIFIER = com.lemon.DrawingtoonTests;
				PRODUCT_NAME = "$(TARGET_NAME)";
				SWIFT_EMIT_LOC_STRINGS = NO;
				SWIFT_VERSION = 5.0;
				TARGETED_DEVICE_FAMILY = "1,2";
				TEST_HOST = "$(BUILT_PRODUCTS_DIR)/Drawingtoon.app/$(BUNDLE_EXECUTABLE_FOLDER_PATH)/Drawingtoon";
			};
			name = Release;
		};
		C25F5C892E7FDA8100844B80 /* Debug */ = {
			isa = XCBuildConfiguration;
			buildSettings = {
				CODE_SIGN_STYLE = Automatic;
				CURRENT_PROJECT_VERSION = 1;
				DEVELOPMENT_TEAM = V9TZ6H4V4N;
				GENERATE_INFOPLIST_FILE = YES;
				MARKETING_VERSION = 1.0;
				PRODUCT_BUNDLE_IDENTIFIER = com.lemon.DrawingtoonUITests;
				PRODUCT_NAME = "$(TARGET_NAME)";
				SWIFT_EMIT_LOC_STRINGS = NO;
				SWIFT_VERSION = 5.0;
				TARGETED_DEVICE_FAMILY = "1,2";
				TEST_TARGET_NAME = Drawingtoon;
			};
			name = Debug;
		};
		C25F5C8A2E7FDA8100844B80 /* Release */ = {
			isa = XCBuildConfiguration;
			buildSettings = {
				CODE_SIGN_STYLE = Automatic;
				CURRENT_PROJECT_VERSION = 1;
				DEVELOPMENT_TEAM = V9TZ6H4V4N;
				GENERATE_INFOPLIST_FILE = YES;
				MARKETING_VERSION = 1.0;
				PRODUCT_BUNDLE_IDENTIFIER = com.lemon.DrawingtoonUITests;
				PRODUCT_NAME = "$(TARGET_NAME)";
				SWIFT_EMIT_LOC_STRINGS = NO;
				SWIFT_VERSION = 5.0;
				TARGETED_DEVICE_FAMILY = "1,2";
				TEST_TARGET_NAME = Drawingtoon;
			};
			name = Release;
		};
		C2E5DCEB2E8423D40001F36C /* Debug */ = {
			isa = XCBuildConfiguration;
			buildSettings = {
				BUNDLE_LOADER = "$(TEST_HOST)";
				CODE_SIGN_STYLE = Automatic;
				CURRENT_PROJECT_VERSION = 1;
				DEVELOPMENT_TEAM = V9TZ6H4V4N;
				GENERATE_INFOPLIST_FILE = YES;
				MARKETING_VERSION = 1.0;
				PRODUCT_BUNDLE_IDENTIFIER = com.lemon.DrawingtoonTests1;
				PRODUCT_NAME = "$(TARGET_NAME)";
				SWIFT_EMIT_LOC_STRINGS = NO;
				SWIFT_VERSION = 5.0;
				TARGETED_DEVICE_FAMILY = "1,2";
				TEST_HOST = "$(BUILT_PRODUCTS_DIR)/Drawingtoon.app/$(BUNDLE_EXECUTABLE_FOLDER_PATH)/Drawingtoon";
			};
			name = Debug;
		};
		C2E5DCEC2E8423D40001F36C /* Release */ = {
			isa = XCBuildConfiguration;
			buildSettings = {
				BUNDLE_LOADER = "$(TEST_HOST)";
				CODE_SIGN_STYLE = Automatic;
				CURRENT_PROJECT_VERSION = 1;
				DEVELOPMENT_TEAM = V9TZ6H4V4N;
				GENERATE_INFOPLIST_FILE = YES;
				MARKETING_VERSION = 1.0;
				PRODUCT_BUNDLE_IDENTIFIER = com.lemon.DrawingtoonTests1;
				PRODUCT_NAME = "$(TARGET_NAME)";
				SWIFT_EMIT_LOC_STRINGS = NO;
				SWIFT_VERSION = 5.0;
				TARGETED_DEVICE_FAMILY = "1,2";
				TEST_HOST = "$(BUILT_PRODUCTS_DIR)/Drawingtoon.app/$(BUNDLE_EXECUTABLE_FOLDER_PATH)/Drawingtoon";
			};
			name = Release;
		};
/* End XCBuildConfiguration section */

/* Begin XCConfigurationList section */
		C25F5C5A2E7FDA7E00844B80 /* Build configuration list for PBXProject "Drawingtoon" */ = {
			isa = XCConfigurationList;
			buildConfigurations = (
				C25F5C802E7FDA8100844B80 /* Debug */,
				C25F5C812E7FDA8100844B80 /* Release */,
			);
			defaultConfigurationIsVisible = 0;
			defaultConfigurationName = Release;
		};
		C25F5C822E7FDA8100844B80 /* Build configuration list for PBXNativeTarget "Drawingtoon" */ = {
			isa = XCConfigurationList;
			buildConfigurations = (
				C25F5C832E7FDA8100844B80 /* Debug */,
				C25F5C842E7FDA8100844B80 /* Release */,
			);
			defaultConfigurationIsVisible = 0;
			defaultConfigurationName = Release;
		};
		C25F5C852E7FDA8100844B80 /* Build configuration list for PBXNativeTarget "DrawingtoonTests" */ = {
			isa = XCConfigurationList;
			buildConfigurations = (
				C25F5C862E7FDA8100844B80 /* Debug */,
				C25F5C872E7FDA8100844B80 /* Release */,
			);
			defaultConfigurationIsVisible = 0;
			defaultConfigurationName = Release;
		};
		C25F5C882E7FDA8100844B80 /* Build configuration list for PBXNativeTarget "DrawingtoonUITests" */ = {
			isa = XCConfigurationList;
			buildConfigurations = (
				C25F5C892E7FDA8100844B80 /* Debug */,
				C25F5C8A2E7FDA8100844B80 /* Release */,
			);
			defaultConfigurationIsVisible = 0;
			defaultConfigurationName = Release;
		};
		C2E5DCEA2E8423D40001F36C /* Build configuration list for PBXNativeTarget "DrawingtoonTests1" */ = {
			isa = XCConfigurationList;
			buildConfigurations = (
				C2E5DCEB2E8423D40001F36C /* Debug */,
				C2E5DCEC2E8423D40001F36C /* Release */,
			);
			defaultConfigurationIsVisible = 0;
			defaultConfigurationName = Release;
		};
/* End XCConfigurationList section */
	};
	rootObject = C25F5C572E7FDA7E00844B80 /* Project object */;
}
